Microsoft Visual Studio Solution File, Format Version 12.00
# Visual Studio Version 16
VisualStudioVersion = 16.0.29905.134
MinimumVisualStudioVersion = 10.0.40219.1
Project("{9A19103F-16F7-4668-BE54-9A1E7A4F7556}") = "GraphicEditor", "GraphicEditor\GraphicEditor.csproj", "{C24D880D-C07D-4FAA-B68A-24C2EF5595BC}"
EndProject
Project("{9A19103F-16F7-4668-BE54-9A1E7A4F7556}") = "WebApplication", "WebApplication\WebApplication.csproj", "{3894E9E7-4951-4BFC-9B71-5ADBD7EE30AF}"
EndProject
Project("{9A19103F-16F7-4668-BE54-9A1E7A4F7556}") = "Backend", "Backend\Backend.csproj", "{93C92C42-324A-47C2-A593-778053E59F17}"
EndProject
Project("{9A19103F-16F7-4668-BE54-9A1E7A4F7556}") = "PharmacyIntegration", "PharmacyIntegration\PharmacyIntegration.csproj", "{26BDF43A-2396-41AF-A220-DC7AB197F158}"
EndProject
Project("{9A19103F-16F7-4668-BE54-9A1E7A4F7556}") = "GraphicEditorWebService", "GraphicEditorWebService\GraphicEditorWebService.csproj", "{0A906169-3229-46B7-A714-FA087A3594AF}"
EndProject
Project("{FAE04EC0-301F-11D3-BF4B-00C04F79EFBC}") = "UnitTests", "UnitTests\UnitTests.csproj", "{8E1D05BC-76EF-4A37-B77B-358D8BE598B7}"
EndProject
Project("{FAE04EC0-301F-11D3-BF4B-00C04F79EFBC}") = "IntegrationTests", "IntegrationTests\IntegrationTests.csproj", "{AE1BF32F-2B70-4F53-9D75-FB3023E2AA9F}"
EndProject
Project("{9A19103F-16F7-4668-BE54-9A1E7A4F7556}") = "RabbitMQService", "RabbitMQService\RabbitMQService.csproj", "{978AA648-87EC-4B17-8777-C0D6074AAFC6}"
EndProject
Global
	GlobalSection(SolutionConfigurationPlatforms) = preSolution
		Debug|Any CPU = Debug|Any CPU
		Release|Any CPU = Release|Any CPU
	EndGlobalSection
	GlobalSection(ProjectConfigurationPlatforms) = postSolution
		{C24D880D-C07D-4FAA-B68A-24C2EF5595BC}.Debug|Any CPU.ActiveCfg = Debug|Any CPU
		{C24D880D-C07D-4FAA-B68A-24C2EF5595BC}.Debug|Any CPU.Build.0 = Debug|Any CPU
		{C24D880D-C07D-4FAA-B68A-24C2EF5595BC}.Release|Any CPU.ActiveCfg = Release|Any CPU
		{C24D880D-C07D-4FAA-B68A-24C2EF5595BC}.Release|Any CPU.Build.0 = Release|Any CPU
		{3894E9E7-4951-4BFC-9B71-5ADBD7EE30AF}.Debug|Any CPU.ActiveCfg = Debug|Any CPU
		{3894E9E7-4951-4BFC-9B71-5ADBD7EE30AF}.Debug|Any CPU.Build.0 = Debug|Any CPU
		{3894E9E7-4951-4BFC-9B71-5ADBD7EE30AF}.Release|Any CPU.ActiveCfg = Release|Any CPU
		{3894E9E7-4951-4BFC-9B71-5ADBD7EE30AF}.Release|Any CPU.Build.0 = Release|Any CPU
		{93C92C42-324A-47C2-A593-778053E59F17}.Debug|Any CPU.ActiveCfg = Debug|Any CPU
		{93C92C42-324A-47C2-A593-778053E59F17}.Debug|Any CPU.Build.0 = Debug|Any CPU
		{93C92C42-324A-47C2-A593-778053E59F17}.Release|Any CPU.ActiveCfg = Release|Any CPU
		{93C92C42-324A-47C2-A593-778053E59F17}.Release|Any CPU.Build.0 = Release|Any CPU
		{26BDF43A-2396-41AF-A220-DC7AB197F158}.Debug|Any CPU.ActiveCfg = Debug|Any CPU
		{26BDF43A-2396-41AF-A220-DC7AB197F158}.Debug|Any CPU.Build.0 = Debug|Any CPU
		{26BDF43A-2396-41AF-A220-DC7AB197F158}.Release|Any CPU.ActiveCfg = Release|Any CPU
		{26BDF43A-2396-41AF-A220-DC7AB197F158}.Release|Any CPU.Build.0 = Release|Any CPU
		{603DFEC4-9618-4530-880F-8C52393ABF5F}.Debug|Any CPU.ActiveCfg = Debug|Any CPU
		{603DFEC4-9618-4530-880F-8C52393ABF5F}.Debug|Any CPU.Build.0 = Debug|Any CPU
		{603DFEC4-9618-4530-880F-8C52393ABF5F}.Release|Any CPU.ActiveCfg = Release|Any CPU
		{603DFEC4-9618-4530-880F-8C52393ABF5F}.Release|Any CPU.Build.0 = Release|Any CPU
		{978AA648-87EC-4B17-8777-C0D6074AAFC6}.Debug|Any CPU.ActiveCfg = Debug|Any CPU
		{978AA648-87EC-4B17-8777-C0D6074AAFC6}.Debug|Any CPU.Build.0 = Debug|Any CPU
		{978AA648-87EC-4B17-8777-C0D6074AAFC6}.Release|Any CPU.ActiveCfg = Release|Any CPU
		{978AA648-87EC-4B17-8777-C0D6074AAFC6}.Release|Any CPU.Build.0 = Release|Any CPU
		
		{0A906169-3229-46B7-A714-FA087A3594AF}.Debug|Any CPU.ActiveCfg = Debug|Any CPU
		{0A906169-3229-46B7-A714-FA087A3594AF}.Debug|Any CPU.Build.0 = Debug|Any CPU
		{0A906169-3229-46B7-A714-FA087A3594AF}.Release|Any CPU.ActiveCfg = Release|Any CPU
		{0A906169-3229-46B7-A714-FA087A3594AF}.Release|Any CPU.Build.0 = Release|Any CPU
		{8E1D05BC-76EF-4A37-B77B-358D8BE598B7}.Debug|Any CPU.ActiveCfg = Debug|Any CPU
		{8E1D05BC-76EF-4A37-B77B-358D8BE598B7}.Debug|Any CPU.Build.0 = Debug|Any CPU
		{8E1D05BC-76EF-4A37-B77B-358D8BE598B7}.Release|Any CPU.ActiveCfg = Release|Any CPU
		{8E1D05BC-76EF-4A37-B77B-358D8BE598B7}.Release|Any CPU.Build.0 = Release|Any CPU
		{AE1BF32F-2B70-4F53-9D75-FB3023E2AA9F}.Debug|Any CPU.ActiveCfg = Debug|Any CPU
		{AE1BF32F-2B70-4F53-9D75-FB3023E2AA9F}.Debug|Any CPU.Build.0 = Debug|Any CPU
		{AE1BF32F-2B70-4F53-9D75-FB3023E2AA9F}.Release|Any CPU.ActiveCfg = Release|Any CPU
		{AE1BF32F-2B70-4F53-9D75-FB3023E2AA9F}.Release|Any CPU.Build.0 = Release|Any CPU
	EndGlobalSection
	GlobalSection(SolutionProperties) = preSolution
		HideSolutionNode = FALSE
	EndGlobalSection
	GlobalSection(ExtensibilityGlobals) = postSolution
		SolutionGuid = {532B67B8-2C88-4CBE-A093-E83EEC3E8CF4}
	EndGlobalSection
EndGlobal
