Microsoft Visual Studio Solution File, Format Version 12.00
# Visual Studio Version 16
VisualStudioVersion = 16.0.29905.134
MinimumVisualStudioVersion = 10.0.40219.1
Project("{9A19103F-16F7-4668-BE54-9A1E7A4F7556}") = "Model", "Model\Model.csproj", "{607E2436-344C-4F9D-B234-F1F58CD91B97}"
EndProject
Project("{9A19103F-16F7-4668-BE54-9A1E7A4F7556}") = "Service", "Service\Service.csproj", "{6F6EEF34-8842-46F6-85DC-61A2EDF25415}"
EndProject
Project("{9A19103F-16F7-4668-BE54-9A1E7A4F7556}") = "Controller", "Controller\Controller.csproj", "{A6A0720F-4FA9-4934-9DDB-228FEDBD79BD}"
EndProject
Project("{9A19103F-16F7-4668-BE54-9A1E7A4F7556}") = "Exceptions", "Exceptions\Exceptions.csproj", "{F5D1B15E-E300-457E-9DA0-916F0C20D122}"
EndProject
Project("{9A19103F-16F7-4668-BE54-9A1E7A4F7556}") = "Application", "Application\Application.csproj", "{A0CECBCB-59FC-4204-BCD5-121D0735BE38}"
EndProject
Project("{9A19103F-16F7-4668-BE54-9A1E7A4F7556}") = "Repository", "Repository\Repository.csproj", "{F41753A5-81D0-4944-95A9-D3F6EC7ABEFB}"
EndProject
Project("{9A19103F-16F7-4668-BE54-9A1E7A4F7556}") = "FileRepository", "FileRepository\FileRepository.csproj", "{9155F657-849E-4919-8BB0-E3B29BE0CD56}"
EndProject
Project("{FAE04EC0-301F-11D3-BF4B-00C04F79EFBC}") = "MedbayTests", "MedbayTests\MedbayTests.csproj", "{2642B7C8-837E-4286-B09F-650A27A6B1AF}"
EndProject
Project("{9A19103F-16F7-4668-BE54-9A1E7A4F7556}") = "MedbayTechUnitTests", "MedbayTechUnitTests\MedbayTechUnitTests.csproj", "{E0D6C7CE-574F-4415-B59D-F525A2C11309}"
EndProject
Project("{9A19103F-16F7-4668-BE54-9A1E7A4F7556}") = "GraphicEditor", "GraphicEditor\GraphicEditor.csproj", "{741B9260-05DC-49F6-BFC4-155A54110B95}"
EndProject
Project("{FAE04EC0-301F-11D3-BF4B-00C04F79EFBC}") = "PharmacyIntegration", "PharmacyIntegration\PharmacyIntegration.csproj", "{26BDF43A-2396-41AF-A220-DC7AB197F158}"
EndProject
Global
	GlobalSection(SolutionConfigurationPlatforms) = preSolution
		Debug|Any CPU = Debug|Any CPU
		Release|Any CPU = Release|Any CPU
	EndGlobalSection
	GlobalSection(ProjectConfigurationPlatforms) = postSolution
		{607E2436-344C-4F9D-B234-F1F58CD91B97}.Debug|Any CPU.ActiveCfg = Debug|Any CPU
		{607E2436-344C-4F9D-B234-F1F58CD91B97}.Debug|Any CPU.Build.0 = Debug|Any CPU
		{607E2436-344C-4F9D-B234-F1F58CD91B97}.Release|Any CPU.ActiveCfg = Release|Any CPU
		{607E2436-344C-4F9D-B234-F1F58CD91B97}.Release|Any CPU.Build.0 = Release|Any CPU
		{6F6EEF34-8842-46F6-85DC-61A2EDF25415}.Debug|Any CPU.ActiveCfg = Debug|Any CPU
		{6F6EEF34-8842-46F6-85DC-61A2EDF25415}.Debug|Any CPU.Build.0 = Debug|Any CPU
		{6F6EEF34-8842-46F6-85DC-61A2EDF25415}.Release|Any CPU.ActiveCfg = Release|Any CPU
		{6F6EEF34-8842-46F6-85DC-61A2EDF25415}.Release|Any CPU.Build.0 = Release|Any CPU
		{A6A0720F-4FA9-4934-9DDB-228FEDBD79BD}.Debug|Any CPU.ActiveCfg = Debug|Any CPU
		{A6A0720F-4FA9-4934-9DDB-228FEDBD79BD}.Debug|Any CPU.Build.0 = Debug|Any CPU
		{A6A0720F-4FA9-4934-9DDB-228FEDBD79BD}.Release|Any CPU.ActiveCfg = Release|Any CPU
		{A6A0720F-4FA9-4934-9DDB-228FEDBD79BD}.Release|Any CPU.Build.0 = Release|Any CPU
		{F5D1B15E-E300-457E-9DA0-916F0C20D122}.Debug|Any CPU.ActiveCfg = Debug|Any CPU
		{F5D1B15E-E300-457E-9DA0-916F0C20D122}.Debug|Any CPU.Build.0 = Debug|Any CPU
		{F5D1B15E-E300-457E-9DA0-916F0C20D122}.Release|Any CPU.ActiveCfg = Release|Any CPU
		{F5D1B15E-E300-457E-9DA0-916F0C20D122}.Release|Any CPU.Build.0 = Release|Any CPU
		{A0CECBCB-59FC-4204-BCD5-121D0735BE38}.Debug|Any CPU.ActiveCfg = Debug|Any CPU
		{A0CECBCB-59FC-4204-BCD5-121D0735BE38}.Debug|Any CPU.Build.0 = Debug|Any CPU
		{A0CECBCB-59FC-4204-BCD5-121D0735BE38}.Release|Any CPU.ActiveCfg = Release|Any CPU
		{A0CECBCB-59FC-4204-BCD5-121D0735BE38}.Release|Any CPU.Build.0 = Release|Any CPU
		{F41753A5-81D0-4944-95A9-D3F6EC7ABEFB}.Debug|Any CPU.ActiveCfg = Debug|Any CPU
		{F41753A5-81D0-4944-95A9-D3F6EC7ABEFB}.Debug|Any CPU.Build.0 = Debug|Any CPU
		{F41753A5-81D0-4944-95A9-D3F6EC7ABEFB}.Release|Any CPU.ActiveCfg = Release|Any CPU
		{F41753A5-81D0-4944-95A9-D3F6EC7ABEFB}.Release|Any CPU.Build.0 = Release|Any CPU
		{9155F657-849E-4919-8BB0-E3B29BE0CD56}.Debug|Any CPU.ActiveCfg = Debug|Any CPU
		{9155F657-849E-4919-8BB0-E3B29BE0CD56}.Debug|Any CPU.Build.0 = Debug|Any CPU
		{9155F657-849E-4919-8BB0-E3B29BE0CD56}.Release|Any CPU.ActiveCfg = Release|Any CPU
		{9155F657-849E-4919-8BB0-E3B29BE0CD56}.Release|Any CPU.Build.0 = Release|Any CPU
		{2642B7C8-837E-4286-B09F-650A27A6B1AF}.Debug|Any CPU.ActiveCfg = Debug|Any CPU
		{2642B7C8-837E-4286-B09F-650A27A6B1AF}.Debug|Any CPU.Build.0 = Debug|Any CPU
		{2642B7C8-837E-4286-B09F-650A27A6B1AF}.Release|Any CPU.ActiveCfg = Release|Any CPU
		{2642B7C8-837E-4286-B09F-650A27A6B1AF}.Release|Any CPU.Build.0 = Release|Any CPU
		{E0D6C7CE-574F-4415-B59D-F525A2C11309}.Debug|Any CPU.ActiveCfg = Debug|Any CPU
		{E0D6C7CE-574F-4415-B59D-F525A2C11309}.Debug|Any CPU.Build.0 = Debug|Any CPU
		{E0D6C7CE-574F-4415-B59D-F525A2C11309}.Release|Any CPU.ActiveCfg = Release|Any CPU
		{E0D6C7CE-574F-4415-B59D-F525A2C11309}.Release|Any CPU.Build.0 = Release|Any CPU
		{741B9260-05DC-49F6-BFC4-155A54110B95}.Debug|Any CPU.ActiveCfg = Debug|Any CPU
		{741B9260-05DC-49F6-BFC4-155A54110B95}.Debug|Any CPU.Build.0 = Debug|Any CPU
		{741B9260-05DC-49F6-BFC4-155A54110B95}.Release|Any CPU.ActiveCfg = Release|Any CPU
		{741B9260-05DC-49F6-BFC4-155A54110B95}.Release|Any CPU.Build.0 = Release|Any CPU
		{26BDF43A-2396-41AF-A220-DC7AB197F158}.Debug|Any CPU.ActiveCfg = Debug|Any CPU
		{26BDF43A-2396-41AF-A220-DC7AB197F158}.Debug|Any CPU.Build.0 = Debug|Any CPU
		{26BDF43A-2396-41AF-A220-DC7AB197F158}.Release|Any CPU.ActiveCfg = Release|Any CPU
		{26BDF43A-2396-41AF-A220-DC7AB197F158}.Release|Any CPU.Build.0 = Release|Any CPU
	EndGlobalSection
	GlobalSection(SolutionProperties) = preSolution
		HideSolutionNode = FALSE
	EndGlobalSection
	GlobalSection(ExtensibilityGlobals) = postSolution
		SolutionGuid = {532B67B8-2C88-4CBE-A093-E83EEC3E8CF4}
	EndGlobalSection
EndGlobal
